
Microsoft Visual Studio Solution File, Format Version 12.00
# Visual Studio 15
VisualStudioVersion = 15.0.28307.757
MinimumVisualStudioVersion = 10.0.40219.1
Project("{2150E333-8FDC-42A3-9474-1A3956D46DE8}") = "Apresentacao", "Apresentacao", "{0380D106-0720-4DCF-A968-F149DC81A1FE}"
EndProject
Project("{2150E333-8FDC-42A3-9474-1A3956D46DE8}") = "Dados", "Dados", "{2462F2A3-4C47-4BDA-BE26-DC2DA6BCBD95}"
EndProject
Project("{FAE04EC0-301F-11D3-BF4B-00C04F79EFBC}") = "Projeto.Apresentacao", "Projeto.Apresentacao\Projeto.Apresentacao.csproj", "{06B7397E-5AE1-4C43-9E8D-7E40ECFD1F12}"
EndProject
Project("{FAE04EC0-301F-11D3-BF4B-00C04F79EFBC}") = "Projeto.Repositorios", "Projeto.Repositorios\Projeto.Repositorios.csproj", "{31FFDF9A-7C72-4FB2-9621-21F832441490}"
EndProject
Global
	GlobalSection(SolutionConfigurationPlatforms) = preSolution
		Debug|Any CPU = Debug|Any CPU
		Release|Any CPU = Release|Any CPU
	EndGlobalSection
	GlobalSection(ProjectConfigurationPlatforms) = postSolution
		{06B7397E-5AE1-4C43-9E8D-7E40ECFD1F12}.Debug|Any CPU.ActiveCfg = Debug|Any CPU
		{06B7397E-5AE1-4C43-9E8D-7E40ECFD1F12}.Debug|Any CPU.Build.0 = Debug|Any CPU
		{06B7397E-5AE1-4C43-9E8D-7E40ECFD1F12}.Release|Any CPU.ActiveCfg = Release|Any CPU
		{06B7397E-5AE1-4C43-9E8D-7E40ECFD1F12}.Release|Any CPU.Build.0 = Release|Any CPU
		{31FFDF9A-7C72-4FB2-9621-21F832441490}.Debug|Any CPU.ActiveCfg = Debug|Any CPU
		{31FFDF9A-7C72-4FB2-9621-21F832441490}.Debug|Any CPU.Build.0 = Debug|Any CPU
		{31FFDF9A-7C72-4FB2-9621-21F832441490}.Release|Any CPU.ActiveCfg = Release|Any CPU
		{31FFDF9A-7C72-4FB2-9621-21F832441490}.Release|Any CPU.Build.0 = Release|Any CPU
	EndGlobalSection
	GlobalSection(SolutionProperties) = preSolution
		HideSolutionNode = FALSE
	EndGlobalSection
	GlobalSection(NestedProjects) = preSolution
		{06B7397E-5AE1-4C43-9E8D-7E40ECFD1F12} = {0380D106-0720-4DCF-A968-F149DC81A1FE}
		{31FFDF9A-7C72-4FB2-9621-21F832441490} = {2462F2A3-4C47-4BDA-BE26-DC2DA6BCBD95}
	EndGlobalSection
	GlobalSection(ExtensibilityGlobals) = postSolution
		SolutionGuid = {2F915992-E467-4278-B0DA-6E7FE9B3078C}
	EndGlobalSection
EndGlobal
